
Microsoft Visual Studio Solution File, Format Version 12.00
# Visual Studio Version 17
VisualStudioVersion = 17.11.35222.181
MinimumVisualStudioVersion = 10.0.40219.1
Project("{8BC9CEB8-8B4A-11D0-8D11-00A0C91BC942}") = "NativeConsoleWin64", "NativeConsoleWin64\NativeConsoleWin64.vcxproj", "{B2740032-C0C6-4EEC-82A3-EBFE97EBC445}"
EndProject
Project("{8BC9CEB8-8B4A-11D0-8D11-00A0C91BC942}") = "NativeConsole2Win64", "NativeConsole2Win64\NativeConsole2Win64.vcxproj", "{DD0EDD92-0668-410F-9E74-D9802F9C2F49}"
EndProject
Project("{8BC9CEB8-8B4A-11D0-8D11-00A0C91BC942}") = "NativeLibraryWin64", "NativeLibraryWin64\NativeLibraryWin64.vcxproj", "{6FCDB0A8-ED32-4F64-91AF-6A41FE4C30C5}"
EndProject
Project("{8BC9CEB8-8B4A-11D0-8D11-00A0C91BC942}") = "RawNativeConsoleWin64", "RawNativeConsoleWin64\RawNativeConsoleWin64.vcxproj", "{269227A8-1C63-4EB1-88CF-5C80B7C61F0F}"
EndProject
Global
	GlobalSection(SolutionConfigurationPlatforms) = preSolution
		Debug|x64 = Debug|x64
		Debug|x86 = Debug|x86
		Release|x64 = Release|x64
		Release|x86 = Release|x86
	EndGlobalSection
	GlobalSection(ProjectConfigurationPlatforms) = postSolution
		{B2740032-C0C6-4EEC-82A3-EBFE97EBC445}.Debug|x64.ActiveCfg = Debug|x64
		{B2740032-C0C6-4EEC-82A3-EBFE97EBC445}.Debug|x64.Build.0 = Debug|x64
		{B2740032-C0C6-4EEC-82A3-EBFE97EBC445}.Debug|x86.ActiveCfg = Debug|Win32
		{B2740032-C0C6-4EEC-82A3-EBFE97EBC445}.Debug|x86.Build.0 = Debug|Win32
		{B2740032-C0C6-4EEC-82A3-EBFE97EBC445}.Release|x64.ActiveCfg = Release|x64
		{B2740032-C0C6-4EEC-82A3-EBFE97EBC445}.Release|x64.Build.0 = Release|x64
		{B2740032-C0C6-4EEC-82A3-EBFE97EBC445}.Release|x86.ActiveCfg = Release|Win32
		{B2740032-C0C6-4EEC-82A3-EBFE97EBC445}.Release|x86.Build.0 = Release|Win32
		{DD0EDD92-0668-410F-9E74-D9802F9C2F49}.Debug|x64.ActiveCfg = Debug|x64
		{DD0EDD92-0668-410F-9E74-D9802F9C2F49}.Debug|x64.Build.0 = Debug|x64
		{DD0EDD92-0668-410F-9E74-D9802F9C2F49}.Debug|x86.ActiveCfg = Debug|Win32
		{DD0EDD92-0668-410F-9E74-D9802F9C2F49}.Debug|x86.Build.0 = Debug|Win32
		{DD0EDD92-0668-410F-9E74-D9802F9C2F49}.Release|x64.ActiveCfg = Release|x64
		{DD0EDD92-0668-410F-9E74-D9802F9C2F49}.Release|x64.Build.0 = Release|x64
		{DD0EDD92-0668-410F-9E74-D9802F9C2F49}.Release|x86.ActiveCfg = Release|Win32
		{DD0EDD92-0668-410F-9E74-D9802F9C2F49}.Release|x86.Build.0 = Release|Win32
		{6FCDB0A8-ED32-4F64-91AF-6A41FE4C30C5}.Debug|x64.ActiveCfg = Debug|x64
		{6FCDB0A8-ED32-4F64-91AF-6A41FE4C30C5}.Debug|x64.Build.0 = Debug|x64
		{6FCDB0A8-ED32-4F64-91AF-6A41FE4C30C5}.Debug|x86.ActiveCfg = Debug|Win32
		{6FCDB0A8-ED32-4F64-91AF-6A41FE4C30C5}.Debug|x86.Build.0 = Debug|Win32
		{6FCDB0A8-ED32-4F64-91AF-6A41FE4C30C5}.Release|x64.ActiveCfg = Release|x64
		{6FCDB0A8-ED32-4F64-91AF-6A41FE4C30C5}.Release|x64.Build.0 = Release|x64
		{6FCDB0A8-ED32-4F64-91AF-6A41FE4C30C5}.Release|x86.ActiveCfg = Release|Win32
		{6FCDB0A8-ED32-4F64-91AF-6A41FE4C30C5}.Release|x86.Build.0 = Release|Win32
		{269227A8-1C63-4EB1-88CF-5C80B7C61F0F}.Debug|x64.ActiveCfg = Debug|x64
		{269227A8-1C63-4EB1-88CF-5C80B7C61F0F}.Debug|x64.Build.0 = Debug|x64
		{269227A8-1C63-4EB1-88CF-5C80B7C61F0F}.Debug|x86.ActiveCfg = Debug|Win32
		{269227A8-1C63-4EB1-88CF-5C80B7C61F0F}.Debug|x86.Build.0 = Debug|Win32
		{269227A8-1C63-4EB1-88CF-5C80B7C61F0F}.Release|x64.ActiveCfg = Release|x64
		{269227A8-1C63-4EB1-88CF-5C80B7C61F0F}.Release|x64.Build.0 = Release|x64
		{269227A8-1C63-4EB1-88CF-5C80B7C61F0F}.Release|x86.ActiveCfg = Release|Win32
		{269227A8-1C63-4EB1-88CF-5C80B7C61F0F}.Release|x86.Build.0 = Release|Win32
	EndGlobalSection
	GlobalSection(SolutionProperties) = preSolution
		HideSolutionNode = FALSE
	EndGlobalSection
	GlobalSection(ExtensibilityGlobals) = postSolution
		SolutionGuid = {46F09478-29CA-4093-831B-DCAF8ECB4A49}
	EndGlobalSection
EndGlobal
